{
  "name": "trpc",
  "version": "1.0.0",
  "lockfileVersion": 3,
  "requires": true,
  "packages": {
    "": {
      "name": "trpc",
      "version": "1.0.0",
      "license": "ISC",
      "dependencies": {
        "@trpc/client": "^11.0.0-rc.485",
        "@trpc/server": "^11.0.0-rc.485",
        "typescript": "^5.5.4",
        "zod": "^3.23.8"
      }
    },
    "node_modules/@trpc/client": {
      "version": "11.0.0-rc.485",
      "resolved": "https://registry.npmjs.org/@trpc/client/-/client-11.0.0-rc.485.tgz",
      "integrity": "sha512-Ld1gQjdYyrku0rjP/4QMg/SdsKgujr0P5XNoWkCyPRjdw3PuJbZFebauQPRC17cbbqGcpJrR+T3vnkhjMb1sgw==",
      "funding": [
        "https://trpc.io/sponsor"
      ],
      "license": "MIT",
      "peerDependencies": {
        "@trpc/server": "11.0.0-rc.485+1c1d824cd"
      }
    },
    "node_modules/@trpc/server": {
      "version": "11.0.0-rc.485",
      "resolved": "https://registry.npmjs.org/@trpc/server/-/server-11.0.0-rc.485.tgz",
      "integrity": "sha512-U9SK9jbqCjR8S9wGSe4UBu2e0fqxhQWriZiDb5BLzdxXzls4Jv+XhAkI65yBzlcTbt6VqXegZDAXB3IARPhUCg==",
      "funding": [
        "https://trpc.io/sponsor"
      ],
      "license": "MIT"
    },
    "node_modules/typescript": {
      "version": "5.5.4",
      "resolved": "https://registry.npmjs.org/typescript/-/typescript-5.5.4.tgz",
      "integrity": "sha512-Mtq29sKDAEYP7aljRgtPOpTvOfbwRWlS6dPRzwjdE+C0R4brX/GUyhHSecbHMFLNBLcJIPt9nl9yG5TZ1weH+Q==",
      "license": "Apache-2.0",
      "bin": {
        "tsc": "bin/tsc",
        "tsserver": "bin/tsserver"
      },
      "engines": {
        "node": ">=14.17"
      }
    },
    "node_modules/zod": {
      "version": "3.23.8",
      "resolved": "https://registry.npmjs.org/zod/-/zod-3.23.8.tgz",
      "integrity": "sha512-XBx9AXhXktjUqnepgTiE5flcKIYWi/rme0Eaj+5Y0lftuGBq+jyRu/md4WnuxqgP1ubdpNCsYEYPxrzVHD8d6g==",
      "license": "MIT",
      "funding": {
        "url": "https://github.com/sponsors/colinhacks"
      }
    }
  }
}
